{
  "requires": true,
  "lockfileVersion": 1,
  "dependencies": {
    "textfit": {
      "version": "2.4.0",
      "resolved": "https://registry.npmjs.org/textfit/-/textfit-2.4.0.tgz",
      "integrity": "sha512-/x4aoY5+/tJmu+iwpBH1yw75TFp86M6X15SvaaY/Eep7YySQYtqdOifEtfvVyMwzl7SZ+G4RQw00FD9g5R6i1Q=="
    }
  }
}
